# This file is automatically @generated by Cargo.
# It is not intended for manual editing.
version = 4

[[package]]
name = "belvedere"
version = "0.1.0"
dependencies = [
 "belvedere-core",
]

[[package]]
name = "belvedere-applet"
version = "0.1.0"
dependencies = [
 "belvedere-core",
]

[[package]]
name = "belvedere-core"
version = "0.1.0"

[[package]]
name = "belvedered"
version = "0.1.0"
dependencies = [
 "belvedere-core",
]
